// !$*UTF8*$!
{
	archiveVersion = 1;
	classes = {
	};
	objectVersion = 56;
	objects = {

/* Begin PBXBuildFile section */
		100BC539294A9E7200FA2618 /* AppDelegate.swift in Sources */ = {isa = PBXBuildFile; fileRef = 100BC538294A9E7200FA2618 /* AppDelegate.swift */; };
		100BC53B294A9E7200FA2618 /* SceneDelegate.swift in Sources */ = {isa = PBXBuildFile; fileRef = 100BC53A294A9E7200FA2618 /* SceneDelegate.swift */; };
		100BC53D294A9E7200FA2618 /* ProductsViewModel.swift in Sources */ = {isa = PBXBuildFile; fileRef = 100BC53C294A9E7200FA2618 /* ProductsViewModel.swift */; };
		100BC540294A9E7200FA2618 /* Main.storyboard in Resources */ = {isa = PBXBuildFile; fileRef = 100BC53E294A9E7200FA2618 /* Main.storyboard */; };
		100BC543294A9E7200FA2618 /* task.xcdatamodeld in Sources */ = {isa = PBXBuildFile; fileRef = 100BC541294A9E7200FA2618 /* task.xcdatamodeld */; };
		100BC545294A9E7300FA2618 /* Assets.xcassets in Resources */ = {isa = PBXBuildFile; fileRef = 100BC544294A9E7300FA2618 /* Assets.xcassets */; };
		100BC548294A9E7300FA2618 /* LaunchScreen.storyboard in Resources */ = {isa = PBXBuildFile; fileRef = 100BC546294A9E7300FA2618 /* LaunchScreen.storyboard */; };
		100BC550294AA04900FA2618 /* ProductsVC+Model.swift in Sources */ = {isa = PBXBuildFile; fileRef = 100BC54F294AA04900FA2618 /* ProductsVC+Model.swift */; };
		100BC552294AA09000FA2618 /* HttpRequestHelper.swift in Sources */ = {isa = PBXBuildFile; fileRef = 100BC551294AA09000FA2618 /* HttpRequestHelper.swift */; };
		100BC556294AA10700FA2618 /* ProductsService.swift in Sources */ = {isa = PBXBuildFile; fileRef = 100BC555294AA10700FA2618 /* ProductsService.swift */; };
		100BC55C294AA1E200FA2618 /* ProductCellViewModel.swift in Sources */ = {isa = PBXBuildFile; fileRef = 100BC55A294AA1E200FA2618 /* ProductCellViewModel.swift */; };
		100BC563294AA2D200FA2618 /* ProductsVC.swift in Sources */ = {isa = PBXBuildFile; fileRef = 100BC562294AA2D200FA2618 /* ProductsVC.swift */; };
		100BC567294AA30200FA2618 /* ProductCell.swift in Sources */ = {isa = PBXBuildFile; fileRef = 100BC565294AA30200FA2618 /* ProductCell.swift */; };
		100BC568294AA30200FA2618 /* ProductCell.xib in Resources */ = {isa = PBXBuildFile; fileRef = 100BC566294AA30200FA2618 /* ProductCell.xib */; };
		10FC393F294B32380073DCB2 /* ImageViewEx.swift in Sources */ = {isa = PBXBuildFile; fileRef = 10FC393E294B32380073DCB2 /* ImageViewEx.swift */; };
		10FC394E294B45470073DCB2 /* ProductsL+CoreDataClass.swift in Sources */ = {isa = PBXBuildFile; fileRef = 10FC394C294B45470073DCB2 /* ProductsL+CoreDataClass.swift */; };
		10FC394F294B45470073DCB2 /* ProductsL+CoreDataProperties.swift in Sources */ = {isa = PBXBuildFile; fileRef = 10FC394D294B45470073DCB2 /* ProductsL+CoreDataProperties.swift */; };
		10FC3951294B58220073DCB2 /* ProductDetailsVC.swift in Sources */ = {isa = PBXBuildFile; fileRef = 10FC3950294B58220073DCB2 /* ProductDetailsVC.swift */; };
/* End PBXBuildFile section */

/* Begin PBXFileReference section */
		100BC535294A9E7200FA2618 /* task.app */ = {isa = PBXFileReference; explicitFileType = wrapper.application; includeInIndex = 0; path = task.app; sourceTree = BUILT_PRODUCTS_DIR; };
		100BC538294A9E7200FA2618 /* AppDelegate.swift */ = {isa = PBXFileReference; lastKnownFileType = sourcecode.swift; path = AppDelegate.swift; sourceTree = "<group>"; };
		100BC53A294A9E7200FA2618 /* SceneDelegate.swift */ = {isa = PBXFileReference; lastKnownFileType = sourcecode.swift; path = SceneDelegate.swift; sourceTree = "<group>"; };
		100BC53C294A9E7200FA2618 /* ProductsViewModel.swift */ = {isa = PBXFileReference; lastKnownFileType = sourcecode.swift; path = ProductsViewModel.swift; sourceTree = "<group>"; };
		100BC53F294A9E7200FA2618 /* Base */ = {isa = PBXFileReference; lastKnownFileType = file.storyboard; name = Base; path = Base.lproj/Main.storyboard; sourceTree = "<group>"; };
		100BC542294A9E7200FA2618 /* task.xcdatamodel */ = {isa = PBXFileReference; lastKnownFileType = wrapper.xcdatamodel; path = task.xcdatamodel; sourceTree = "<group>"; };
		100BC544294A9E7300FA2618 /* Assets.xcassets */ = {isa = PBXFileReference; lastKnownFileType = folder.assetcatalog; path = Assets.xcassets; sourceTree = "<group>"; };
		100BC547294A9E7300FA2618 /* Base */ = {isa = PBXFileReference; lastKnownFileType = file.storyboard; name = Base; path = Base.lproj/LaunchScreen.storyboard; sourceTree = "<group>"; };
		100BC549294A9E7300FA2618 /* Info.plist */ = {isa = PBXFileReference; lastKnownFileType = text.plist.xml; path = Info.plist; sourceTree = "<group>"; };
		100BC54F294AA04900FA2618 /* ProductsVC+Model.swift */ = {isa = PBXFileReference; lastKnownFileType = sourcecode.swift; path = "ProductsVC+Model.swift"; sourceTree = "<group>"; };
		100BC551294AA09000FA2618 /* HttpRequestHelper.swift */ = {isa = PBXFileReference; lastKnownFileType = sourcecode.swift; path = HttpRequestHelper.swift; sourceTree = "<group>"; };
		100BC555294AA10700FA2618 /* ProductsService.swift */ = {isa = PBXFileReference; lastKnownFileType = sourcecode.swift; path = ProductsService.swift; sourceTree = "<group>"; };
		100BC55A294AA1E200FA2618 /* ProductCellViewModel.swift */ = {isa = PBXFileReference; lastKnownFileType = sourcecode.swift; path = ProductCellViewModel.swift; sourceTree = "<group>"; };
		100BC562294AA2D200FA2618 /* ProductsVC.swift */ = {isa = PBXFileReference; lastKnownFileType = sourcecode.swift; path = ProductsVC.swift; sourceTree = "<group>"; };
		100BC565294AA30200FA2618 /* ProductCell.swift */ = {isa = PBXFileReference; lastKnownFileType = sourcecode.swift; path = ProductCell.swift; sourceTree = "<group>"; };
		100BC566294AA30200FA2618 /* ProductCell.xib */ = {isa = PBXFileReference; lastKnownFileType = file.xib; path = ProductCell.xib; sourceTree = "<group>"; };
		10FC393E294B32380073DCB2 /* ImageViewEx.swift */ = {isa = PBXFileReference; lastKnownFileType = sourcecode.swift; path = ImageViewEx.swift; sourceTree = "<group>"; };
		10FC394C294B45470073DCB2 /* ProductsL+CoreDataClass.swift */ = {isa = PBXFileReference; lastKnownFileType = sourcecode.swift; path = "ProductsL+CoreDataClass.swift"; sourceTree = "<group>"; };
		10FC394D294B45470073DCB2 /* ProductsL+CoreDataProperties.swift */ = {isa = PBXFileReference; lastKnownFileType = sourcecode.swift; path = "ProductsL+CoreDataProperties.swift"; sourceTree = "<group>"; };
		10FC3950294B58220073DCB2 /* ProductDetailsVC.swift */ = {isa = PBXFileReference; lastKnownFileType = sourcecode.swift; path = ProductDetailsVC.swift; sourceTree = "<group>"; };
/* End PBXFileReference section */

/* Begin PBXFrameworksBuildPhase section */
		100BC532294A9E7200FA2618 /* Frameworks */ = {
			isa = PBXFrameworksBuildPhase;
			buildActionMask = 2147483647;
			files = (
			);
			runOnlyForDeploymentPostprocessing = 0;
		};
/* End PBXFrameworksBuildPhase section */

/* Begin PBXGroup section */
		100BC52C294A9E7200FA2618 = {
			isa = PBXGroup;
			children = (
				10FC394C294B45470073DCB2 /* ProductsL+CoreDataClass.swift */,
				10FC394D294B45470073DCB2 /* ProductsL+CoreDataProperties.swift */,
				100BC537294A9E7200FA2618 /* task */,
				100BC536294A9E7200FA2618 /* Products */,
			);
			sourceTree = "<group>";
		};
		100BC536294A9E7200FA2618 /* Products */ = {
			isa = PBXGroup;
			children = (
				100BC535294A9E7200FA2618 /* task.app */,
			);
			name = Products;
			sourceTree = "<group>";
		};
		100BC537294A9E7200FA2618 /* task */ = {
			isa = PBXGroup;
			children = (
				100BC554294AA0DF00FA2618 /* Services */,
				100BC553294AA09D00FA2618 /* Helpers */,
				100BC55E294AA25C00FA2618 /* Screens */,
				100BC538294A9E7200FA2618 /* AppDelegate.swift */,
				100BC53A294A9E7200FA2618 /* SceneDelegate.swift */,
				100BC53E294A9E7200FA2618 /* Main.storyboard */,
				100BC544294A9E7300FA2618 /* Assets.xcassets */,
				100BC546294A9E7300FA2618 /* LaunchScreen.storyboard */,
				100BC549294A9E7300FA2618 /* Info.plist */,
				100BC541294A9E7200FA2618 /* task.xcdatamodeld */,
				10FC393E294B32380073DCB2 /* ImageViewEx.swift */,
			);
			path = task;
			sourceTree = "<group>";
		};
		100BC553294AA09D00FA2618 /* Helpers */ = {
			isa = PBXGroup;
			children = (
				100BC551294AA09000FA2618 /* HttpRequestHelper.swift */,
			);
			path = Helpers;
			sourceTree = "<group>";
		};
		100BC554294AA0DF00FA2618 /* Services */ = {
			isa = PBXGroup;
			children = (
				100BC555294AA10700FA2618 /* ProductsService.swift */,
			);
			path = Services;
			sourceTree = "<group>";
		};
		100BC557294AA1A200FA2618 /* ViewModel */ = {
			isa = PBXGroup;
			children = (
				100BC53C294A9E7200FA2618 /* ProductsViewModel.swift */,
				100BC55A294AA1E200FA2618 /* ProductCellViewModel.swift */,
			);
			path = ViewModel;
			sourceTree = "<group>";
		};
		100BC55E294AA25C00FA2618 /* Screens */ = {
			isa = PBXGroup;
			children = (
				100BC55F294AA28200FA2618 /* Model */,
				100BC560294AA28C00FA2618 /* View */,
				100BC557294AA1A200FA2618 /* ViewModel */,
			);
			path = Screens;
			sourceTree = "<group>";
		};
		100BC55F294AA28200FA2618 /* Model */ = {
			isa = PBXGroup;
			children = (
				100BC54F294AA04900FA2618 /* ProductsVC+Model.swift */,
			);
			path = Model;
			sourceTree = "<group>";
		};
		100BC560294AA28C00FA2618 /* View */ = {
			isa = PBXGroup;
			children = (
				100BC564294AA2D600FA2618 /* Cell */,
				100BC562294AA2D200FA2618 /* ProductsVC.swift */,
				10FC3950294B58220073DCB2 /* ProductDetailsVC.swift */,
			);
			path = View;
			sourceTree = "<group>";
		};
		100BC564294AA2D600FA2618 /* Cell */ = {
			isa = PBXGroup;
			children = (
				100BC565294AA30200FA2618 /* ProductCell.swift */,
				100BC566294AA30200FA2618 /* ProductCell.xib */,
			);
			path = Cell;
			sourceTree = "<group>";
		};
/* End PBXGroup section */

/* Begin PBXNativeTarget section */
		100BC534294A9E7200FA2618 /* task */ = {
			isa = PBXNativeTarget;
			buildConfigurationList = 100BC54C294A9E7300FA2618 /* Build configuration list for PBXNativeTarget "task" */;
			buildPhases = (
				100BC531294A9E7200FA2618 /* Sources */,
				100BC532294A9E7200FA2618 /* Frameworks */,
				100BC533294A9E7200FA2618 /* Resources */,
			);
			buildRules = (
			);
			dependencies = (
			);
			name = task;
			productName = task;
			productReference = 100BC535294A9E7200FA2618 /* task.app */;
			productType = "com.apple.product-type.application";
		};
/* End PBXNativeTarget section */

/* Begin PBXProject section */
		100BC52D294A9E7200FA2618 /* Project object */ = {
			isa = PBXProject;
			attributes = {
				BuildIndependentTargetsInParallel = 1;
				LastSwiftUpdateCheck = 1420;
				LastUpgradeCheck = 1420;
				TargetAttributes = {
					100BC534294A9E7200FA2618 = {
						CreatedOnToolsVersion = 14.2;
					};
				};
			};
			buildConfigurationList = 100BC530294A9E7200FA2618 /* Build configuration list for PBXProject "task" */;
			compatibilityVersion = "Xcode 14.0";
			developmentRegion = en;
			hasScannedForEncodings = 0;
			knownRegions = (
				en,
				Base,
			);
			mainGroup = 100BC52C294A9E7200FA2618;
			productRefGroup = 100BC536294A9E7200FA2618 /* Products */;
			projectDirPath = "";
			projectRoot = "";
			targets = (
				100BC534294A9E7200FA2618 /* task */,
			);
		};
/* End PBXProject section */

/* Begin PBXResourcesBuildPhase section */
		100BC533294A9E7200FA2618 /* Resources */ = {
			isa = PBXResourcesBuildPhase;
			buildActionMask = 2147483647;
			files = (
				100BC568294AA30200FA2618 /* ProductCell.xib in Resources */,
				100BC548294A9E7300FA2618 /* LaunchScreen.storyboard in Resources */,
				100BC545294A9E7300FA2618 /* Assets.xcassets in Resources */,
				100BC540294A9E7200FA2618 /* Main.storyboard in Resources */,
			);
			runOnlyForDeploymentPostprocessing = 0;
		};
/* End PBXResourcesBuildPhase section */

/* Begin PBXSourcesBuildPhase section */
		100BC531294A9E7200FA2618 /* Sources */ = {
			isa = PBXSourcesBuildPhase;
			buildActionMask = 2147483647;
			files = (
				100BC567294AA30200FA2618 /* ProductCell.swift in Sources */,
				10FC393F294B32380073DCB2 /* ImageViewEx.swift in Sources */,
				100BC543294A9E7200FA2618 /* task.xcdatamodeld in Sources */,
				100BC552294AA09000FA2618 /* HttpRequestHelper.swift in Sources */,
				10FC394E294B45470073DCB2 /* ProductsL+CoreDataClass.swift in Sources */,
				100BC55C294AA1E200FA2618 /* ProductCellViewModel.swift in Sources */,
				100BC556294AA10700FA2618 /* ProductsService.swift in Sources */,
				100BC53D294A9E7200FA2618 /* ProductsViewModel.swift in Sources */,
				10FC394F294B45470073DCB2 /* ProductsL+CoreDataProperties.swift in Sources */,
				100BC539294A9E7200FA2618 /* AppDelegate.swift in Sources */,
				100BC550294AA04900FA2618 /* ProductsVC+Model.swift in Sources */,
				100BC53B294A9E7200FA2618 /* SceneDelegate.swift in Sources */,
				100BC563294AA2D200FA2618 /* ProductsVC.swift in Sources */,
				10FC3951294B58220073DCB2 /* ProductDetailsVC.swift in Sources */,
			);
			runOnlyForDeploymentPostprocessing = 0;
		};
/* End PBXSourcesBuildPhase section */

/* Begin PBXVariantGroup section */
		100BC53E294A9E7200FA2618 /* Main.storyboard */ = {
			isa = PBXVariantGroup;
			children = (
				100BC53F294A9E7200FA2618 /* Base */,
			);
			name = Main.storyboard;
			sourceTree = "<group>";
		};
		100BC546294A9E7300FA2618 /* LaunchScreen.storyboard */ = {
			isa = PBXVariantGroup;
			children = (
				100BC547294A9E7300FA2618 /* Base */,
			);
			name = LaunchScreen.storyboard;
			sourceTree = "<group>";
		};
/* End PBXVariantGroup section */

/* Begin XCBuildConfiguration section */
		100BC54A294A9E7300FA2618 /* Debug */ = {
			isa = XCBuildConfiguration;
			buildSettings = {
				ALWAYS_SEARCH_USER_PATHS = NO;
				CLANG_ANALYZER_NONNULL = YES;
				CLANG_ANALYZER_NUMBER_OBJECT_CONVERSION = YES_AGGRESSIVE;
				CLANG_CXX_LANGUAGE_STANDARD = "gnu++20";
				CLANG_ENABLE_MODULES = YES;
				CLANG_ENABLE_OBJC_ARC = YES;
				CLANG_ENABLE_OBJC_WEAK = YES;
				CLANG_WARN_BLOCK_CAPTURE_AUTORELEASING = YES;
				CLANG_WARN_BOOL_CONVERSION = YES;
				CLANG_WARN_COMMA = YES;
				CLANG_WARN_CONSTANT_CONVERSION = YES;
				CLANG_WARN_DEPRECATED_OBJC_IMPLEMENTATIONS = YES;
				CLANG_WARN_DIRECT_OBJC_ISA_USAGE = YES_ERROR;
				CLANG_WARN_DOCUMENTATION_COMMENTS = YES;
				CLANG_WARN_EMPTY_BODY = YES;
				CLANG_WARN_ENUM_CONVERSION = YES;
				CLANG_WARN_INFINITE_RECURSION = YES;
				CLANG_WARN_INT_CONVERSION = YES;
				CLANG_WARN_NON_LITERAL_NULL_CONVERSION = YES;
				CLANG_WARN_OBJC_IMPLICIT_RETAIN_SELF = YES;
				CLANG_WARN_OBJC_LITERAL_CONVERSION = YES;
				CLANG_WARN_OBJC_ROOT_CLASS = YES_ERROR;
				CLANG_WARN_QUOTED_INCLUDE_IN_FRAMEWORK_HEADER = YES;
				CLANG_WARN_RANGE_LOOP_ANALYSIS = YES;
				CLANG_WARN_STRICT_PROTOTYPES = YES;
				CLANG_WARN_SUSPICIOUS_MOVE = YES;
				CLANG_WARN_UNGUARDED_AVAILABILITY = YES_AGGRESSIVE;
				CLANG_WARN_UNREACHABLE_CODE = YES;
				CLANG_WARN__DUPLICATE_METHOD_MATCH = YES;
				COPY_PHASE_STRIP = NO;
				DEBUG_INFORMATION_FORMAT = dwarf;
				ENABLE_STRICT_OBJC_MSGSEND = YES;
				ENABLE_TESTABILITY = YES;
				GCC_C_LANGUAGE_STANDARD = gnu11;
				GCC_DYNAMIC_NO_PIC = NO;
				GCC_NO_COMMON_BLOCKS = YES;
				GCC_OPTIMIZATION_LEVEL = 0;
				GCC_PREPROCESSOR_DEFINITIONS = (
					"DEBUG=1",
					"$(inherited)",
				);
				GCC_WARN_64_TO_32_BIT_CONVERSION = YES;
				GCC_WARN_ABOUT_RETURN_TYPE = YES_ERROR;
				GCC_WARN_UNDECLARED_SELECTOR = YES;
				GCC_WARN_UNINITIALIZED_AUTOS = YES_AGGRESSIVE;
				GCC_WARN_UNUSED_FUNCTION = YES;
				GCC_WARN_UNUSED_VARIABLE = YES;
				IPHONEOS_DEPLOYMENT_TARGET = 16.2;
				MTL_ENABLE_DEBUG_INFO = INCLUDE_SOURCE;
				MTL_FAST_MATH = YES;
				ONLY_ACTIVE_ARCH = YES;
				SDKROOT = iphoneos;
				SWIFT_ACTIVE_COMPILATION_CONDITIONS = DEBUG;
				SWIFT_OPTIMIZATION_LEVEL = "-Onone";
			};
			name = Debug;
		};
		100BC54B294A9E7300FA2618 /* Release */ = {
			isa = XCBuildConfiguration;
			buildSettings = {
				ALWAYS_SEARCH_USER_PATHS = NO;
				CLANG_ANALYZER_NONNULL = YES;
				CLANG_ANALYZER_NUMBER_OBJECT_CONVERSION = YES_AGGRESSIVE;
				CLANG_CXX_LANGUAGE_STANDARD = "gnu++20";
				CLANG_ENABLE_MODULES = YES;
				CLANG_ENABLE_OBJC_ARC = YES;
				CLANG_ENABLE_OBJC_WEAK = YES;
				CLANG_WARN_BLOCK_CAPTURE_AUTORELEASING = YES;
				CLANG_WARN_BOOL_CONVERSION = YES;
				CLANG_WARN_COMMA = YES;
				CLANG_WARN_CONSTANT_CONVERSION = YES;
				CLANG_WARN_DEPRECATED_OBJC_IMPLEMENTATIONS = YES;
				CLANG_WARN_DIRECT_OBJC_ISA_USAGE = YES_ERROR;
				CLANG_WARN_DOCUMENTATION_COMMENTS = YES;
				CLANG_WARN_EMPTY_BODY = YES;
				CLANG_WARN_ENUM_CONVERSION = YES;
				CLANG_WARN_INFINITE_RECURSION = YES;
				CLANG_WARN_INT_CONVERSION = YES;
				CLANG_WARN_NON_LITERAL_NULL_CONVERSION = YES;
				CLANG_WARN_OBJC_IMPLICIT_RETAIN_SELF = YES;
				CLANG_WARN_OBJC_LITERAL_CONVERSION = YES;
				CLANG_WARN_OBJC_ROOT_CLASS = YES_ERROR;
				CLANG_WARN_QUOTED_INCLUDE_IN_FRAMEWORK_HEADER = YES;
				CLANG_WARN_RANGE_LOOP_ANALYSIS = YES;
				CLANG_WARN_STRICT_PROTOTYPES = YES;
				CLANG_WARN_SUSPICIOUS_MOVE = YES;
				CLANG_WARN_UNGUARDED_AVAILABILITY = YES_AGGRESSIVE;
				CLANG_WARN_UNREACHABLE_CODE = YES;
				CLANG_WARN__DUPLICATE_METHOD_MATCH = YES;
				COPY_PHASE_STRIP = NO;
				DEBUG_INFORMATION_FORMAT = "dwarf-with-dsym";
				ENABLE_NS_ASSERTIONS = NO;
				ENABLE_STRICT_OBJC_MSGSEND = YES;
				GCC_C_LANGUAGE_STANDARD = gnu11;
				GCC_NO_COMMON_BLOCKS = YES;
				GCC_WARN_64_TO_32_BIT_CONVERSION = YES;
				GCC_WARN_ABOUT_RETURN_TYPE = YES_ERROR;
				GCC_WARN_UNDECLARED_SELECTOR = YES;
				GCC_WARN_UNINITIALIZED_AUTOS = YES_AGGRESSIVE;
				GCC_WARN_UNUSED_FUNCTION = YES;
				GCC_WARN_UNUSED_VARIABLE = YES;
				IPHONEOS_DEPLOYMENT_TARGET = 16.2;
				MTL_ENABLE_DEBUG_INFO = NO;
				MTL_FAST_MATH = YES;
				SDKROOT = iphoneos;
				SWIFT_COMPILATION_MODE = wholemodule;
				SWIFT_OPTIMIZATION_LEVEL = "-O";
				VALIDATE_PRODUCT = YES;
			};
			name = Release;
		};
		100BC54D294A9E7300FA2618 /* Debug */ = {
			isa = XCBuildConfiguration;
			buildSettings = {
				ASSETCATALOG_COMPILER_APPICON_NAME = AppIcon;
				ASSETCATALOG_COMPILER_GLOBAL_ACCENT_COLOR_NAME = AccentColor;
				CODE_SIGN_STYLE = Automatic;
				CURRENT_PROJECT_VERSION = 1;
				GENERATE_INFOPLIST_FILE = YES;
				INFOPLIST_FILE = task/Info.plist;
				INFOPLIST_KEY_UIApplicationSupportsIndirectInputEvents = YES;
				INFOPLIST_KEY_UILaunchStoryboardName = LaunchScreen;
				INFOPLIST_KEY_UIMainStoryboardFile = Main;
				INFOPLIST_KEY_UISupportedInterfaceOrientations_iPad = "UIInterfaceOrientationPortrait UIInterfaceOrientationPortraitUpsideDown UIInterfaceOrientationLandscapeLeft UIInterfaceOrientationLandscapeRight";
				INFOPLIST_KEY_UISupportedInterfaceOrientations_iPhone = "UIInterfaceOrientationPortrait UIInterfaceOrientationLandscapeLeft UIInterfaceOrientationLandscapeRight";
				LD_RUNPATH_SEARCH_PATHS = (
					"$(inherited)",
					"@executable_path/Frameworks",
				);
				MARKETING_VERSION = 1.0;
				PRODUCT_BUNDLE_IDENTIFIER = muna.task;
				PRODUCT_NAME = "$(TARGET_NAME)";
				SWIFT_EMIT_LOC_STRINGS = YES;
				SWIFT_VERSION = 5.0;
				TARGETED_DEVICE_FAMILY = "1,2";
			};
			name = Debug;
		};
		100BC54E294A9E7300FA2618 /* Release */ = {
			isa = XCBuildConfiguration;
			buildSettings = {
				ASSETCATALOG_COMPILER_APPICON_NAME = AppIcon;
				ASSETCATALOG_COMPILER_GLOBAL_ACCENT_COLOR_NAME = AccentColor;
				CODE_SIGN_STYLE = Automatic;
				CURRENT_PROJECT_VERSION = 1;
				GENERATE_INFOPLIST_FILE = YES;
				INFOPLIST_FILE = task/Info.plist;
				INFOPLIST_KEY_UIApplicationSupportsIndirectInputEvents = YES;
				INFOPLIST_KEY_UILaunchStoryboardName = LaunchScreen;
				INFOPLIST_KEY_UIMainStoryboardFile = Main;
				INFOPLIST_KEY_UISupportedInterfaceOrientations_iPad = "UIInterfaceOrientationPortrait UIInterfaceOrientationPortraitUpsideDown UIInterfaceOrientationLandscapeLeft UIInterfaceOrientationLandscapeRight";
				INFOPLIST_KEY_UISupportedInterfaceOrientations_iPhone = "UIInterfaceOrientationPortrait UIInterfaceOrientationLandscapeLeft UIInterfaceOrientationLandscapeRight";
				LD_RUNPATH_SEARCH_PATHS = (
					"$(inherited)",
					"@executable_path/Frameworks",
				);
				MARKETING_VERSION = 1.0;
				PRODUCT_BUNDLE_IDENTIFIER = muna.task;
				PRODUCT_NAME = "$(TARGET_NAME)";
				SWIFT_EMIT_LOC_STRINGS = YES;
				SWIFT_VERSION = 5.0;
				TARGETED_DEVICE_FAMILY = "1,2";
			};
			name = Release;
		};
/* End XCBuildConfiguration section */

/* Begin XCConfigurationList section */
		100BC530294A9E7200FA2618 /* Build configuration list for PBXProject "task" */ = {
			isa = XCConfigurationList;
			buildConfigurations = (
				100BC54A294A9E7300FA2618 /* Debug */,
				100BC54B294A9E7300FA2618 /* Release */,
			);
			defaultConfigurationIsVisible = 0;
			defaultConfigurationName = Release;
		};
		100BC54C294A9E7300FA2618 /* Build configuration list for PBXNativeTarget "task" */ = {
			isa = XCConfigurationList;
			buildConfigurations = (
				100BC54D294A9E7300FA2618 /* Debug */,
				100BC54E294A9E7300FA2618 /* Release */,
			);
			defaultConfigurationIsVisible = 0;
			defaultConfigurationName = Release;
		};
/* End XCConfigurationList section */

/* Begin XCVersionGroup section */
		100BC541294A9E7200FA2618 /* task.xcdatamodeld */ = {
			isa = XCVersionGroup;
			children = (
				100BC542294A9E7200FA2618 /* task.xcdatamodel */,
			);
			currentVersion = 100BC542294A9E7200FA2618 /* task.xcdatamodel */;
			path = task.xcdatamodeld;
			sourceTree = "<group>";
			versionGroupType = wrapper.xcdatamodel;
		};
/* End XCVersionGroup section */
	};
	rootObject = 100BC52D294A9E7200FA2618 /* Project object */;
}
